// !$*UTF8*$!
{
	archiveVersion = 1;
	classes = {
	};
	objectVersion = 51;
	objects = {

/* Begin PBXBuildFile section */
		130D8BB3254C186D000433FF /* ConversationTableViewCell.swift in Sources */ = {isa = PBXBuildFile; fileRef = 130D8BB2254C186D000433FF /* ConversationTableViewCell.swift */; };
		131C4BEA25057919003F0066 /* GoogleService-Info.plist in Resources */ = {isa = PBXBuildFile; fileRef = 131C4BE925057919003F0066 /* GoogleService-Info.plist */; };
		134804E32512793B00B22417 /* DatabaseManager.swift in Sources */ = {isa = PBXBuildFile; fileRef = 134804E22512793B00B22417 /* DatabaseManager.swift */; };
		134B7B2E2503CA980015DB74 /* AppDelegate.swift in Sources */ = {isa = PBXBuildFile; fileRef = 134B7B2D2503CA980015DB74 /* AppDelegate.swift */; };
		134B7B302503CA980015DB74 /* SceneDelegate.swift in Sources */ = {isa = PBXBuildFile; fileRef = 134B7B2F2503CA980015DB74 /* SceneDelegate.swift */; };
		134B7B322503CA980015DB74 /* ConversationsViewController.swift in Sources */ = {isa = PBXBuildFile; fileRef = 134B7B312503CA980015DB74 /* ConversationsViewController.swift */; };
		134B7B352503CA980015DB74 /* Main.storyboard in Resources */ = {isa = PBXBuildFile; fileRef = 134B7B332503CA980015DB74 /* Main.storyboard */; };
		134B7B372503CA9B0015DB74 /* Assets.xcassets in Resources */ = {isa = PBXBuildFile; fileRef = 134B7B362503CA9B0015DB74 /* Assets.xcassets */; };
		134B7B3A2503CA9B0015DB74 /* LaunchScreen.storyboard in Resources */ = {isa = PBXBuildFile; fileRef = 134B7B382503CA9B0015DB74 /* LaunchScreen.storyboard */; };
		134B7B482503CD8C0015DB74 /* ProfileViewController.swift in Sources */ = {isa = PBXBuildFile; fileRef = 134B7B472503CD8C0015DB74 /* ProfileViewController.swift */; };
		134B7B4A2503CD930015DB74 /* LoginViewController.swift in Sources */ = {isa = PBXBuildFile; fileRef = 134B7B492503CD930015DB74 /* LoginViewController.swift */; };
		134B7B4C2503CD9C0015DB74 /* RegisterViewController.swift in Sources */ = {isa = PBXBuildFile; fileRef = 134B7B4B2503CD9C0015DB74 /* RegisterViewController.swift */; };
		134B7B4E2503CDA90015DB74 /* PhotoViewerViewController.swift in Sources */ = {isa = PBXBuildFile; fileRef = 134B7B4D2503CDA90015DB74 /* PhotoViewerViewController.swift */; };
		134B7B502503CDB40015DB74 /* VideoPlayerViewController.swift in Sources */ = {isa = PBXBuildFile; fileRef = 134B7B4F2503CDB40015DB74 /* VideoPlayerViewController.swift */; };
		134B7B522503CDBD0015DB74 /* NewConversationViewController.swift in Sources */ = {isa = PBXBuildFile; fileRef = 134B7B512503CDBD0015DB74 /* NewConversationViewController.swift */; };
		1350CA8C2548ADAD00FDC9E5 /* CircularLoadingView.swift in Sources */ = {isa = PBXBuildFile; fileRef = 1350CA8B2548ADAD00FDC9E5 /* CircularLoadingView.swift */; };
		137BB5002549ADE300C74218 /* ChatViewController.swift in Sources */ = {isa = PBXBuildFile; fileRef = 137BB4FF2549ADE300C74218 /* ChatViewController.swift */; };
		139137AC254F35FF0005212B /* LocationPickerViewController.swift in Sources */ = {isa = PBXBuildFile; fileRef = 139137AB254F35FF0005212B /* LocationPickerViewController.swift */; };
		13D2CA1E254EBBD600045E02 /* Extensions.swift in Sources */ = {isa = PBXBuildFile; fileRef = 13D2CA1D254EBBD600045E02 /* Extensions.swift */; };
		13E3834C254DF42B00C00606 /* NewConversationCell.swift in Sources */ = {isa = PBXBuildFile; fileRef = 13E3834B254DF42B00C00606 /* NewConversationCell.swift */; };
		13EBC70C2549BE9100F65EF4 /* StorageManager.swift in Sources */ = {isa = PBXBuildFile; fileRef = 13EBC70B2549BE9100F65EF4 /* StorageManager.swift */; };
		AB0337537B90CF1D702E53C6 /* Pods_Chatting_Application.framework in Frameworks */ = {isa = PBXBuildFile; fileRef = 014E8178C86CDEB34FE73363 /* Pods_Chatting_Application.framework */; };
/* End PBXBuildFile section */

/* Begin PBXFileReference section */
		014E8178C86CDEB34FE73363 /* Pods_Chatting_Application.framework */ = {isa = PBXFileReference; explicitFileType = wrapper.framework; includeInIndex = 0; path = Pods_Chatting_Application.framework; sourceTree = BUILT_PRODUCTS_DIR; };
		130D8BB2254C186D000433FF /* ConversationTableViewCell.swift */ = {isa = PBXFileReference; lastKnownFileType = sourcecode.swift; path = ConversationTableViewCell.swift; sourceTree = "<group>"; };
		131C4BE925057919003F0066 /* GoogleService-Info.plist */ = {isa = PBXFileReference; fileEncoding = 4; lastKnownFileType = text.plist.xml; path = "GoogleService-Info.plist"; sourceTree = "<group>"; };
		134804E22512793B00B22417 /* DatabaseManager.swift */ = {isa = PBXFileReference; lastKnownFileType = sourcecode.swift; path = DatabaseManager.swift; sourceTree = "<group>"; };
		134B7B2A2503CA980015DB74 /* Messenger.app */ = {isa = PBXFileReference; explicitFileType = wrapper.application; includeInIndex = 0; path = Messenger.app; sourceTree = BUILT_PRODUCTS_DIR; };
		134B7B2D2503CA980015DB74 /* AppDelegate.swift */ = {isa = PBXFileReference; lastKnownFileType = sourcecode.swift; path = AppDelegate.swift; sourceTree = "<group>"; };
		134B7B2F2503CA980015DB74 /* SceneDelegate.swift */ = {isa = PBXFileReference; lastKnownFileType = sourcecode.swift; path = SceneDelegate.swift; sourceTree = "<group>"; };
		134B7B312503CA980015DB74 /* ConversationsViewController.swift */ = {isa = PBXFileReference; lastKnownFileType = sourcecode.swift; path = ConversationsViewController.swift; sourceTree = "<group>"; };
		134B7B342503CA980015DB74 /* Base */ = {isa = PBXFileReference; lastKnownFileType = file.storyboard; name = Base; path = Base.lproj/Main.storyboard; sourceTree = "<group>"; };
		134B7B362503CA9B0015DB74 /* Assets.xcassets */ = {isa = PBXFileReference; lastKnownFileType = folder.assetcatalog; path = Assets.xcassets; sourceTree = "<group>"; };
		134B7B392503CA9B0015DB74 /* Base */ = {isa = PBXFileReference; lastKnownFileType = file.storyboard; name = Base; path = Base.lproj/LaunchScreen.storyboard; sourceTree = "<group>"; };
		134B7B3B2503CA9B0015DB74 /* Info.plist */ = {isa = PBXFileReference; lastKnownFileType = text.plist.xml; path = Info.plist; sourceTree = "<group>"; };
		134B7B472503CD8C0015DB74 /* ProfileViewController.swift */ = {isa = PBXFileReference; lastKnownFileType = sourcecode.swift; path = ProfileViewController.swift; sourceTree = "<group>"; };
		134B7B492503CD930015DB74 /* LoginViewController.swift */ = {isa = PBXFileReference; lastKnownFileType = sourcecode.swift; path = LoginViewController.swift; sourceTree = "<group>"; };
		134B7B4B2503CD9C0015DB74 /* RegisterViewController.swift */ = {isa = PBXFileReference; lastKnownFileType = sourcecode.swift; path = RegisterViewController.swift; sourceTree = "<group>"; };
		134B7B4D2503CDA90015DB74 /* PhotoViewerViewController.swift */ = {isa = PBXFileReference; lastKnownFileType = sourcecode.swift; path = PhotoViewerViewController.swift; sourceTree = "<group>"; };
		134B7B4F2503CDB40015DB74 /* VideoPlayerViewController.swift */ = {isa = PBXFileReference; lastKnownFileType = sourcecode.swift; path = VideoPlayerViewController.swift; sourceTree = "<group>"; };
		134B7B512503CDBD0015DB74 /* NewConversationViewController.swift */ = {isa = PBXFileReference; lastKnownFileType = sourcecode.swift; path = NewConversationViewController.swift; sourceTree = "<group>"; };
		1350CA8B2548ADAD00FDC9E5 /* CircularLoadingView.swift */ = {isa = PBXFileReference; fileEncoding = 4; lastKnownFileType = sourcecode.swift; path = CircularLoadingView.swift; sourceTree = "<group>"; };
		137BB4FF2549ADE300C74218 /* ChatViewController.swift */ = {isa = PBXFileReference; lastKnownFileType = sourcecode.swift; path = ChatViewController.swift; sourceTree = "<group>"; };
		139137AB254F35FF0005212B /* LocationPickerViewController.swift */ = {isa = PBXFileReference; lastKnownFileType = sourcecode.swift; path = LocationPickerViewController.swift; sourceTree = "<group>"; };
		13D2CA1D254EBBD600045E02 /* Extensions.swift */ = {isa = PBXFileReference; lastKnownFileType = sourcecode.swift; path = Extensions.swift; sourceTree = "<group>"; };
		13E3834B254DF42B00C00606 /* NewConversationCell.swift */ = {isa = PBXFileReference; lastKnownFileType = sourcecode.swift; path = NewConversationCell.swift; sourceTree = "<group>"; };
		13EBC70B2549BE9100F65EF4 /* StorageManager.swift */ = {isa = PBXFileReference; lastKnownFileType = sourcecode.swift; path = StorageManager.swift; sourceTree = "<group>"; };
		5BB14928315739C4BC022A38 /* Pods-Chatting Application.debug.xcconfig */ = {isa = PBXFileReference; includeInIndex = 1; lastKnownFileType = text.xcconfig; name = "Pods-Chatting Application.debug.xcconfig"; path = "Target Support Files/Pods-Chatting Application/Pods-Chatting Application.debug.xcconfig"; sourceTree = "<group>"; };
		BDE1B43EB1D9B816E67C2CA7 /* Pods-Chatting Application.release.xcconfig */ = {isa = PBXFileReference; includeInIndex = 1; lastKnownFileType = text.xcconfig; name = "Pods-Chatting Application.release.xcconfig"; path = "Target Support Files/Pods-Chatting Application/Pods-Chatting Application.release.xcconfig"; sourceTree = "<group>"; };
/* End PBXFileReference section */

/* Begin PBXFrameworksBuildPhase section */
		134B7B272503CA980015DB74 /* Frameworks */ = {
			isa = PBXFrameworksBuildPhase;
			buildActionMask = 2147483647;
			files = (
				AB0337537B90CF1D702E53C6 /* Pods_Chatting_Application.framework in Frameworks */,
			);
			runOnlyForDeploymentPostprocessing = 0;
		};
/* End PBXFrameworksBuildPhase section */

/* Begin PBXGroup section */
		134804E1251277CC00B22417 /* Auth */ = {
			isa = PBXGroup;
			children = (
				134B7B492503CD930015DB74 /* LoginViewController.swift */,
				134B7B4B2503CD9C0015DB74 /* RegisterViewController.swift */,
			);
			path = Auth;
			sourceTree = "<group>";
		};
		134B7B212503CA980015DB74 = {
			isa = PBXGroup;
			children = (
				134B7B2C2503CA980015DB74 /* Chatting Application */,
				404488D4C3876A5556AE41E5 /* Pods */,
				361C85C024B31A878ED733A2 /* Frameworks */,
			);
			sourceTree = "<group>";
		};
		134B7B2B2503CA980015DB74 /* Products */ = {
			isa = PBXGroup;
			children = (
				134B7B2A2503CA980015DB74 /* Messenger.app */,
			);
			name = Products;
			path = ..;
			sourceTree = "<group>";
		};
		134B7B2C2503CA980015DB74 /* Chatting Application */ = {
			isa = PBXGroup;
			children = (
				131C4BE925057919003F0066 /* GoogleService-Info.plist */,
				134B7B452503CBA80015DB74 /* Resources */,
				134B7B432503CB860015DB74 /* Views */,
				134B7B422503CB7C0015DB74 /* ViewModels */,
				134B7B412503CB760015DB74 /* Models */,
				134B7B442503CB970015DB74 /* Controllers */,
				1350CA8A2548AD4B00FDC9E5 /* GeneralUI */,
				134B7B3B2503CA9B0015DB74 /* Info.plist */,
				134B7B2B2503CA980015DB74 /* Products */,
			);
			path = "Chatting Application";
			sourceTree = "<group>";
		};
		134B7B412503CB760015DB74 /* Models */ = {
			isa = PBXGroup;
			children = (
			);
			path = Models;
			sourceTree = "<group>";
		};
		134B7B422503CB7C0015DB74 /* ViewModels */ = {
			isa = PBXGroup;
			children = (
			);
			path = ViewModels;
			sourceTree = "<group>";
		};
		134B7B432503CB860015DB74 /* Views */ = {
			isa = PBXGroup;
			children = (
				134B7B362503CA9B0015DB74 /* Assets.xcassets */,
				134B7B462503CBD70015DB74 /* Storyboards */,
				130D8BB2254C186D000433FF /* ConversationTableViewCell.swift */,
				13E3834B254DF42B00C00606 /* NewConversationCell.swift */,
			);
			path = Views;
			sourceTree = "<group>";
		};
		134B7B442503CB970015DB74 /* Controllers */ = {
			isa = PBXGroup;
			children = (
				134804E1251277CC00B22417 /* Auth */,
				134B7B312503CA980015DB74 /* ConversationsViewController.swift */,
				134B7B472503CD8C0015DB74 /* ProfileViewController.swift */,
				134B7B4D2503CDA90015DB74 /* PhotoViewerViewController.swift */,
				134B7B4F2503CDB40015DB74 /* VideoPlayerViewController.swift */,
				134B7B512503CDBD0015DB74 /* NewConversationViewController.swift */,
				137BB4FF2549ADE300C74218 /* ChatViewController.swift */,
				139137AB254F35FF0005212B /* LocationPickerViewController.swift */,
			);
			path = Controllers;
			sourceTree = "<group>";
		};
		134B7B452503CBA80015DB74 /* Resources */ = {
			isa = PBXGroup;
			children = (
				134B7B2D2503CA980015DB74 /* AppDelegate.swift */,
				134B7B2F2503CA980015DB74 /* SceneDelegate.swift */,
				134804E22512793B00B22417 /* DatabaseManager.swift */,
				13EBC70B2549BE9100F65EF4 /* StorageManager.swift */,
				13D2CA1D254EBBD600045E02 /* Extensions.swift */,
			);
			path = Resources;
			sourceTree = "<group>";
		};
		134B7B462503CBD70015DB74 /* Storyboards */ = {
			isa = PBXGroup;
			children = (
				134B7B332503CA980015DB74 /* Main.storyboard */,
				134B7B382503CA9B0015DB74 /* LaunchScreen.storyboard */,
			);
			path = Storyboards;
			sourceTree = "<group>";
		};
		1350CA8A2548AD4B00FDC9E5 /* GeneralUI */ = {
			isa = PBXGroup;
			children = (
				1350CA8B2548ADAD00FDC9E5 /* CircularLoadingView.swift */,
			);
			path = GeneralUI;
			sourceTree = "<group>";
		};
		361C85C024B31A878ED733A2 /* Frameworks */ = {
			isa = PBXGroup;
			children = (
				014E8178C86CDEB34FE73363 /* Pods_Chatting_Application.framework */,
			);
			name = Frameworks;
			sourceTree = "<group>";
		};
		404488D4C3876A5556AE41E5 /* Pods */ = {
			isa = PBXGroup;
			children = (
				5BB14928315739C4BC022A38 /* Pods-Chatting Application.debug.xcconfig */,
				BDE1B43EB1D9B816E67C2CA7 /* Pods-Chatting Application.release.xcconfig */,
			);
			path = Pods;
			sourceTree = "<group>";
		};
/* End PBXGroup section */

/* Begin PBXNativeTarget section */
		134B7B292503CA980015DB74 /* Chatting Application */ = {
			isa = PBXNativeTarget;
			buildConfigurationList = 134B7B3E2503CA9B0015DB74 /* Build configuration list for PBXNativeTarget "Chatting Application" */;
			buildPhases = (
				2F2C83A01463B18D6108F828 /* [CP] Check Pods Manifest.lock */,
				134B7B262503CA980015DB74 /* Sources */,
				134B7B272503CA980015DB74 /* Frameworks */,
				134B7B282503CA980015DB74 /* Resources */,
				71A944C57E9E2010072CBB50 /* [CP] Embed Pods Frameworks */,
				6CF013097237273E92B264CD /* [CP] Copy Pods Resources */,
			);
			buildRules = (
			);
			dependencies = (
			);
			name = "Chatting Application";
			productName = "Chatting Application";
			productReference = 134B7B2A2503CA980015DB74 /* Messenger.app */;
			productType = "com.apple.product-type.application";
		};
/* End PBXNativeTarget section */

/* Begin PBXProject section */
		134B7B222503CA980015DB74 /* Project object */ = {
			isa = PBXProject;
			attributes = {
				LastSwiftUpdateCheck = 1160;
				LastUpgradeCheck = 1160;
				ORGANIZATIONNAME = "Sagar Baloch";
				TargetAttributes = {
					134B7B292503CA980015DB74 = {
						CreatedOnToolsVersion = 11.6;
					};
				};
			};
			buildConfigurationList = 134B7B252503CA980015DB74 /* Build configuration list for PBXProject "Chatting Application" */;
			compatibilityVersion = "Xcode 9.3";
			developmentRegion = en;
			hasScannedForEncodings = 0;
			knownRegions = (
				en,
				Base,
			);
			mainGroup = 134B7B212503CA980015DB74;
			productRefGroup = 134B7B2B2503CA980015DB74 /* Products */;
			projectDirPath = "";
			projectRoot = "";
			targets = (
				134B7B292503CA980015DB74 /* Chatting Application */,
			);
		};
/* End PBXProject section */

/* Begin PBXResourcesBuildPhase section */
		134B7B282503CA980015DB74 /* Resources */ = {
			isa = PBXResourcesBuildPhase;
			buildActionMask = 2147483647;
			files = (
				134B7B3A2503CA9B0015DB74 /* LaunchScreen.storyboard in Resources */,
				131C4BEA25057919003F0066 /* GoogleService-Info.plist in Resources */,
				134B7B372503CA9B0015DB74 /* Assets.xcassets in Resources */,
				134B7B352503CA980015DB74 /* Main.storyboard in Resources */,
			);
			runOnlyForDeploymentPostprocessing = 0;
		};
/* End PBXResourcesBuildPhase section */

/* Begin PBXShellScriptBuildPhase section */
		2F2C83A01463B18D6108F828 /* [CP] Check Pods Manifest.lock */ = {
			isa = PBXShellScriptBuildPhase;
			buildActionMask = 2147483647;
			files = (
			);
			inputFileListPaths = (
			);
			inputPaths = (
				"${PODS_PODFILE_DIR_PATH}/Podfile.lock",
				"${PODS_ROOT}/Manifest.lock",
			);
			name = "[CP] Check Pods Manifest.lock";
			outputFileListPaths = (
			);
			outputPaths = (
				"$(DERIVED_FILE_DIR)/Pods-Chatting Application-checkManifestLockResult.txt",
			);
			runOnlyForDeploymentPostprocessing = 0;
			shellPath = /bin/sh;
			shellScript = "diff \"${PODS_PODFILE_DIR_PATH}/Podfile.lock\" \"${PODS_ROOT}/Manifest.lock\" > /dev/null\nif [ $? != 0 ] ; then\n    # print error to STDERR\n    echo \"error: The sandbox is not in sync with the Podfile.lock. Run 'pod install' or update your CocoaPods installation.\" >&2\n    exit 1\nfi\n# This output is used by Xcode 'outputs' to avoid re-running this script phase.\necho \"SUCCESS\" > \"${SCRIPT_OUTPUT_FILE_0}\"\n";
			showEnvVarsInLog = 0;
		};
		6CF013097237273E92B264CD /* [CP] Copy Pods Resources */ = {
			isa = PBXShellScriptBuildPhase;
			buildActionMask = 2147483647;
			files = (
			);
			inputFileListPaths = (
				"${PODS_ROOT}/Target Support Files/Pods-Chatting Application/Pods-Chatting Application-resources-${CONFIGURATION}-input-files.xcfilelist",
			);
			name = "[CP] Copy Pods Resources";
			outputFileListPaths = (
				"${PODS_ROOT}/Target Support Files/Pods-Chatting Application/Pods-Chatting Application-resources-${CONFIGURATION}-output-files.xcfilelist",
			);
			runOnlyForDeploymentPostprocessing = 0;
			shellPath = /bin/sh;
			shellScript = "\"${PODS_ROOT}/Target Support Files/Pods-Chatting Application/Pods-Chatting Application-resources.sh\"\n";
			showEnvVarsInLog = 0;
		};
		71A944C57E9E2010072CBB50 /* [CP] Embed Pods Frameworks */ = {
			isa = PBXShellScriptBuildPhase;
			buildActionMask = 2147483647;
			files = (
			);
			inputFileListPaths = (
				"${PODS_ROOT}/Target Support Files/Pods-Chatting Application/Pods-Chatting Application-frameworks-${CONFIGURATION}-input-files.xcfilelist",
			);
			name = "[CP] Embed Pods Frameworks";
			outputFileListPaths = (
				"${PODS_ROOT}/Target Support Files/Pods-Chatting Application/Pods-Chatting Application-frameworks-${CONFIGURATION}-output-files.xcfilelist",
			);
			runOnlyForDeploymentPostprocessing = 0;
			shellPath = /bin/sh;
			shellScript = "\"${PODS_ROOT}/Target Support Files/Pods-Chatting Application/Pods-Chatting Application-frameworks.sh\"\n";
			showEnvVarsInLog = 0;
		};
/* End PBXShellScriptBuildPhase section */

/* Begin PBXSourcesBuildPhase section */
		134B7B262503CA980015DB74 /* Sources */ = {
			isa = PBXSourcesBuildPhase;
			buildActionMask = 2147483647;
			files = (
				134B7B322503CA980015DB74 /* ConversationsViewController.swift in Sources */,
				13E3834C254DF42B00C00606 /* NewConversationCell.swift in Sources */,
				134B7B2E2503CA980015DB74 /* AppDelegate.swift in Sources */,
				139137AC254F35FF0005212B /* LocationPickerViewController.swift in Sources */,
				134804E32512793B00B22417 /* DatabaseManager.swift in Sources */,
				134B7B482503CD8C0015DB74 /* ProfileViewController.swift in Sources */,
				134B7B4E2503CDA90015DB74 /* PhotoViewerViewController.swift in Sources */,
				134B7B4C2503CD9C0015DB74 /* RegisterViewController.swift in Sources */,
				134B7B502503CDB40015DB74 /* VideoPlayerViewController.swift in Sources */,
				1350CA8C2548ADAD00FDC9E5 /* CircularLoadingView.swift in Sources */,
				134B7B522503CDBD0015DB74 /* NewConversationViewController.swift in Sources */,
				134B7B4A2503CD930015DB74 /* LoginViewController.swift in Sources */,
				13D2CA1E254EBBD600045E02 /* Extensions.swift in Sources */,
				130D8BB3254C186D000433FF /* ConversationTableViewCell.swift in Sources */,
				137BB5002549ADE300C74218 /* ChatViewController.swift in Sources */,
				134B7B302503CA980015DB74 /* SceneDelegate.swift in Sources */,
				13EBC70C2549BE9100F65EF4 /* StorageManager.swift in Sources */,
			);
			runOnlyForDeploymentPostprocessing = 0;
		};
/* End PBXSourcesBuildPhase section */

/* Begin PBXVariantGroup section */
		134B7B332503CA980015DB74 /* Main.storyboard */ = {
			isa = PBXVariantGroup;
			children = (
				134B7B342503CA980015DB74 /* Base */,
			);
			name = Main.storyboard;
			sourceTree = "<group>";
		};
		134B7B382503CA9B0015DB74 /* LaunchScreen.storyboard */ = {
			isa = PBXVariantGroup;
			children = (
				134B7B392503CA9B0015DB74 /* Base */,
			);
			name = LaunchScreen.storyboard;
			sourceTree = "<group>";
		};
/* End PBXVariantGroup section */

/* Begin XCBuildConfiguration section */
		134B7B3C2503CA9B0015DB74 /* Debug */ = {
			isa = XCBuildConfiguration;
			buildSettings = {
				ALWAYS_SEARCH_USER_PATHS = NO;
				CLANG_ANALYZER_NONNULL = YES;
				CLANG_ANALYZER_NUMBER_OBJECT_CONVERSION = YES_AGGRESSIVE;
				CLANG_CXX_LANGUAGE_STANDARD = "gnu++14";
				CLANG_CXX_LIBRARY = "libc++";
				CLANG_ENABLE_MODULES = YES;
				CLANG_ENABLE_OBJC_ARC = YES;
				CLANG_ENABLE_OBJC_WEAK = YES;
				CLANG_WARN_BLOCK_CAPTURE_AUTORELEASING = YES;
				CLANG_WARN_BOOL_CONVERSION = YES;
				CLANG_WARN_COMMA = YES;
				CLANG_WARN_CONSTANT_CONVERSION = YES;
				CLANG_WARN_DEPRECATED_OBJC_IMPLEMENTATIONS = YES;
				CLANG_WARN_DIRECT_OBJC_ISA_USAGE = YES_ERROR;
				CLANG_WARN_DOCUMENTATION_COMMENTS = YES;
				CLANG_WARN_EMPTY_BODY = YES;
				CLANG_WARN_ENUM_CONVERSION = YES;
				CLANG_WARN_INFINITE_RECURSION = YES;
				CLANG_WARN_INT_CONVERSION = YES;
				CLANG_WARN_NON_LITERAL_NULL_CONVERSION = YES;
				CLANG_WARN_OBJC_IMPLICIT_RETAIN_SELF = YES;
				CLANG_WARN_OBJC_LITERAL_CONVERSION = YES;
				CLANG_WARN_OBJC_ROOT_CLASS = YES_ERROR;
				CLANG_WARN_RANGE_LOOP_ANALYSIS = YES;
				CLANG_WARN_STRICT_PROTOTYPES = YES;
				CLANG_WARN_SUSPICIOUS_MOVE = YES;
				CLANG_WARN_UNGUARDED_AVAILABILITY = YES_AGGRESSIVE;
				CLANG_WARN_UNREACHABLE_CODE = YES;
				CLANG_WARN__DUPLICATE_METHOD_MATCH = YES;
				COPY_PHASE_STRIP = NO;
				DEBUG_INFORMATION_FORMAT = dwarf;
				ENABLE_STRICT_OBJC_MSGSEND = YES;
				ENABLE_TESTABILITY = YES;
				GCC_C_LANGUAGE_STANDARD = gnu11;
				GCC_DYNAMIC_NO_PIC = NO;
				GCC_NO_COMMON_BLOCKS = YES;
				GCC_OPTIMIZATION_LEVEL = 0;
				GCC_PREPROCESSOR_DEFINITIONS = (
					"DEBUG=1",
					"$(inherited)",
				);
				GCC_WARN_64_TO_32_BIT_CONVERSION = YES;
				GCC_WARN_ABOUT_RETURN_TYPE = YES_ERROR;
				GCC_WARN_UNDECLARED_SELECTOR = YES;
				GCC_WARN_UNINITIALIZED_AUTOS = YES_AGGRESSIVE;
				GCC_WARN_UNUSED_FUNCTION = YES;
				GCC_WARN_UNUSED_VARIABLE = YES;
				IPHONEOS_DEPLOYMENT_TARGET = 13.6;
				MTL_ENABLE_DEBUG_INFO = INCLUDE_SOURCE;
				MTL_FAST_MATH = YES;
				ONLY_ACTIVE_ARCH = YES;
				SDKROOT = iphoneos;
				SWIFT_ACTIVE_COMPILATION_CONDITIONS = DEBUG;
				SWIFT_OPTIMIZATION_LEVEL = "-Onone";
			};
			name = Debug;
		};
		134B7B3D2503CA9B0015DB74 /* Release */ = {
			isa = XCBuildConfiguration;
			buildSettings = {
				ALWAYS_SEARCH_USER_PATHS = NO;
				CLANG_ANALYZER_NONNULL = YES;
				CLANG_ANALYZER_NUMBER_OBJECT_CONVERSION = YES_AGGRESSIVE;
				CLANG_CXX_LANGUAGE_STANDARD = "gnu++14";
				CLANG_CXX_LIBRARY = "libc++";
				CLANG_ENABLE_MODULES = YES;
				CLANG_ENABLE_OBJC_ARC = YES;
				CLANG_ENABLE_OBJC_WEAK = YES;
				CLANG_WARN_BLOCK_CAPTURE_AUTORELEASING = YES;
				CLANG_WARN_BOOL_CONVERSION = YES;
				CLANG_WARN_COMMA = YES;
				CLANG_WARN_CONSTANT_CONVERSION = YES;
				CLANG_WARN_DEPRECATED_OBJC_IMPLEMENTATIONS = YES;
				CLANG_WARN_DIRECT_OBJC_ISA_USAGE = YES_ERROR;
				CLANG_WARN_DOCUMENTATION_COMMENTS = YES;
				CLANG_WARN_EMPTY_BODY = YES;
				CLANG_WARN_ENUM_CONVERSION = YES;
				CLANG_WARN_INFINITE_RECURSION = YES;
				CLANG_WARN_INT_CONVERSION = YES;
				CLANG_WARN_NON_LITERAL_NULL_CONVERSION = YES;
				CLANG_WARN_OBJC_IMPLICIT_RETAIN_SELF = YES;
				CLANG_WARN_OBJC_LITERAL_CONVERSION = YES;
				CLANG_WARN_OBJC_ROOT_CLASS = YES_ERROR;
				CLANG_WARN_RANGE_LOOP_ANALYSIS = YES;
				CLANG_WARN_STRICT_PROTOTYPES = YES;
				CLANG_WARN_SUSPICIOUS_MOVE = YES;
				CLANG_WARN_UNGUARDED_AVAILABILITY = YES_AGGRESSIVE;
				CLANG_WARN_UNREACHABLE_CODE = YES;
				CLANG_WARN__DUPLICATE_METHOD_MATCH = YES;
				COPY_PHASE_STRIP = NO;
				DEBUG_INFORMATION_FORMAT = "dwarf-with-dsym";
				ENABLE_NS_ASSERTIONS = NO;
				ENABLE_STRICT_OBJC_MSGSEND = YES;
				GCC_C_LANGUAGE_STANDARD = gnu11;
				GCC_NO_COMMON_BLOCKS = YES;
				GCC_WARN_64_TO_32_BIT_CONVERSION = YES;
				GCC_WARN_ABOUT_RETURN_TYPE = YES_ERROR;
				GCC_WARN_UNDECLARED_SELECTOR = YES;
				GCC_WARN_UNINITIALIZED_AUTOS = YES_AGGRESSIVE;
				GCC_WARN_UNUSED_FUNCTION = YES;
				GCC_WARN_UNUSED_VARIABLE = YES;
				IPHONEOS_DEPLOYMENT_TARGET = 13.6;
				MTL_ENABLE_DEBUG_INFO = NO;
				MTL_FAST_MATH = YES;
				SDKROOT = iphoneos;
				SWIFT_COMPILATION_MODE = wholemodule;
				SWIFT_OPTIMIZATION_LEVEL = "-O";
				VALIDATE_PRODUCT = YES;
			};
			name = Release;
		};
		134B7B3F2503CA9B0015DB74 /* Debug */ = {
			isa = XCBuildConfiguration;
			baseConfigurationReference = 5BB14928315739C4BC022A38 /* Pods-Chatting Application.debug.xcconfig */;
			buildSettings = {
				ASSETCATALOG_COMPILER_APPICON_NAME = AppIcon;
				CODE_SIGN_STYLE = Automatic;
				DEVELOPMENT_TEAM = 8U42264JWC;
				INFOPLIST_FILE = "Chatting Application/Info.plist";
				IPHONEOS_DEPLOYMENT_TARGET = 13.0;
				LD_RUNPATH_SEARCH_PATHS = (
					"$(inherited)",
					"@executable_path/Frameworks",
				);
				PRODUCT_BUNDLE_IDENTIFIER = "com.sagarBaloch.Chatting-Application";
				PRODUCT_NAME = Messenger;
				SWIFT_VERSION = 5.0;
				TARGETED_DEVICE_FAMILY = "1,2";
			};
			name = Debug;
		};
		134B7B402503CA9B0015DB74 /* Release */ = {
			isa = XCBuildConfiguration;
			baseConfigurationReference = BDE1B43EB1D9B816E67C2CA7 /* Pods-Chatting Application.release.xcconfig */;
			buildSettings = {
				ASSETCATALOG_COMPILER_APPICON_NAME = AppIcon;
				CODE_SIGN_STYLE = Automatic;
				DEVELOPMENT_TEAM = 8U42264JWC;
				INFOPLIST_FILE = "Chatting Application/Info.plist";
				IPHONEOS_DEPLOYMENT_TARGET = 13.0;
				LD_RUNPATH_SEARCH_PATHS = (
					"$(inherited)",
					"@executable_path/Frameworks",
				);
				PRODUCT_BUNDLE_IDENTIFIER = "com.sagarBaloch.Chatting-Application";
				PRODUCT_NAME = Messenger;
				SWIFT_VERSION = 5.0;
				TARGETED_DEVICE_FAMILY = "1,2";
			};
			name = Release;
		};
/* End XCBuildConfiguration section */

/* Begin XCConfigurationList section */
		134B7B252503CA980015DB74 /* Build configuration list for PBXProject "Chatting Application" */ = {
			isa = XCConfigurationList;
			buildConfigurations = (
				134B7B3C2503CA9B0015DB74 /* Debug */,
				134B7B3D2503CA9B0015DB74 /* Release */,
			);
			defaultConfigurationIsVisible = 0;
			defaultConfigurationName = Release;
		};
		134B7B3E2503CA9B0015DB74 /* Build configuration list for PBXNativeTarget "Chatting Application" */ = {
			isa = XCConfigurationList;
			buildConfigurations = (
				134B7B3F2503CA9B0015DB74 /* Debug */,
				134B7B402503CA9B0015DB74 /* Release */,
			);
			defaultConfigurationIsVisible = 0;
			defaultConfigurationName = Release;
		};
/* End XCConfigurationList section */
	};
	rootObject = 134B7B222503CA980015DB74 /* Project object */;
}
